// !$*UTF8*$!
{
	archiveVersion = 1;
	classes = {
	};
	objectVersion = 48;
	objects = {

/* Begin PBXBuildFile section */
		53CE3B0E2035A454001C2EC4 /* CategoriesViewModelItemsType.swift in Sources */ = {isa = PBXBuildFile; fileRef = 53CE3B0D2035A454001C2EC4 /* CategoriesViewModelItemsType.swift */; };
		53CE3B102035A78B001C2EC4 /* RestaurantCategoryViewModelItem.swift in Sources */ = {isa = PBXBuildFile; fileRef = 53CE3B0F2035A78B001C2EC4 /* RestaurantCategoryViewModelItem.swift */; };
		53CE3B122035A813001C2EC4 /* RestaurantCategoriesViewModel.swift in Sources */ = {isa = PBXBuildFile; fileRef = 53CE3B112035A813001C2EC4 /* RestaurantCategoriesViewModel.swift */; };
		53D77624203344730030D0AE /* FavoritesTableViewController.swift in Sources */ = {isa = PBXBuildFile; fileRef = 53D77623203344730030D0AE /* FavoritesTableViewController.swift */; };
		53D77627203344D50030D0AE /* FavoritesTableViewContoller + DataSource.swift in Sources */ = {isa = PBXBuildFile; fileRef = 53D77626203344D50030D0AE /* FavoritesTableViewContoller + DataSource.swift */; };
		53D77629203345510030D0AE /* FavortiesTableViewCell.swift in Sources */ = {isa = PBXBuildFile; fileRef = 53D77628203345510030D0AE /* FavortiesTableViewCell.swift */; };
		E717BBA7204336050065BA7D /* DetailsTableViewController.swift in Sources */ = {isa = PBXBuildFile; fileRef = E717BBA6204336050065BA7D /* DetailsTableViewController.swift */; };
		E717BBAA204346750065BA7D /* DetailsTableDelegate.swift in Sources */ = {isa = PBXBuildFile; fileRef = E717BBA9204346750065BA7D /* DetailsTableDelegate.swift */; };
		E717BBAC204346860065BA7D /* DetailsTableDataSource.swift in Sources */ = {isa = PBXBuildFile; fileRef = E717BBAB204346860065BA7D /* DetailsTableDataSource.swift */; };
		E717BBAE2043469C0065BA7D /* DetailsPhotoAlbumCell.swift in Sources */ = {isa = PBXBuildFile; fileRef = E717BBAD2043469C0065BA7D /* DetailsPhotoAlbumCell.swift */; };
		E72A853C20434D590006B50E /* MyProfileTableViewContoller.swift in Sources */ = {isa = PBXBuildFile; fileRef = E72A853B20434D590006B50E /* MyProfileTableViewContoller.swift */; };
		E7581ADF2040D3C9000F713F /* MenuBarCell.swift in Sources */ = {isa = PBXBuildFile; fileRef = E7581ADE2040D3C9000F713F /* MenuBarCell.swift */; };
		E7581AE12040D3DB000F713F /* ContentCell.swift in Sources */ = {isa = PBXBuildFile; fileRef = E7581AE02040D3DB000F713F /* ContentCell.swift */; };
		E7581AE32040D3F8000F713F /* AlbumCell.swift in Sources */ = {isa = PBXBuildFile; fileRef = E7581AE22040D3F8000F713F /* AlbumCell.swift */; };
		E7581AEE204270DD000F713F /* AutoInsetter.framework in Frameworks */ = {isa = PBXBuildFile; fileRef = E7581AEB204270DD000F713F /* AutoInsetter.framework */; };
		E7581AEF204270DD000F713F /* Pageboy.framework in Frameworks */ = {isa = PBXBuildFile; fileRef = E7581AEC204270DD000F713F /* Pageboy.framework */; };
		E7581AF0204270DD000F713F /* Tabman.framework in Frameworks */ = {isa = PBXBuildFile; fileRef = E7581AED204270DD000F713F /* Tabman.framework */; };
		E7581AF320427355000F713F /* DetailsPageController.swift in Sources */ = {isa = PBXBuildFile; fileRef = E7581AF220427355000F713F /* DetailsPageController.swift */; };
		E7581AF52042743E000F713F /* OverviewViewController.swift in Sources */ = {isa = PBXBuildFile; fileRef = E7581AF42042743E000F713F /* OverviewViewController.swift */; };
		E7581AF720427451000F713F /* ReviewsViewController.swift in Sources */ = {isa = PBXBuildFile; fileRef = E7581AF620427451000F713F /* ReviewsViewController.swift */; };
		E7581AF920427463000F713F /* ContactViewController.swift in Sources */ = {isa = PBXBuildFile; fileRef = E7581AF820427463000F713F /* ContactViewController.swift */; };
		E7581B29204331DD000F713F /* Hero.framework in Frameworks */ = {isa = PBXBuildFile; fileRef = E7581B27204331CF000F713F /* Hero.framework */; };
		E777C2B62044469A002261F2 /* ImageSlideshow.framework in Frameworks */ = {isa = PBXBuildFile; fileRef = E777C2B52044469A002261F2 /* ImageSlideshow.framework */; };
		E78613F920322BFC0044F0E1 /* LaunchScreen.storyboard in Resources */ = {isa = PBXBuildFile; fileRef = E78613F720322BFC0044F0E1 /* LaunchScreen.storyboard */; };
		E786140120322D2A0044F0E1 /* TabBarController.swift in Sources */ = {isa = PBXBuildFile; fileRef = E786140020322D2A0044F0E1 /* TabBarController.swift */; };
		E786140620322D4F0044F0E1 /* AppDelegate.swift in Sources */ = {isa = PBXBuildFile; fileRef = E786140420322D4F0044F0E1 /* AppDelegate.swift */; };
		E786140720322D4F0044F0E1 /* Extensions.swift in Sources */ = {isa = PBXBuildFile; fileRef = E786140520322D4F0044F0E1 /* Extensions.swift */; };
		E786140D20322DBF0044F0E1 /* HomeRegularTableViewCell.swift in Sources */ = {isa = PBXBuildFile; fileRef = E786140920322DBF0044F0E1 /* HomeRegularTableViewCell.swift */; };
		E786140E20322DBF0044F0E1 /* HomeTableCollectionViewCell.swift in Sources */ = {isa = PBXBuildFile; fileRef = E786140A20322DBF0044F0E1 /* HomeTableCollectionViewCell.swift */; };
		E786141520322E310044F0E1 /* SearchCollectionViewCell.swift in Sources */ = {isa = PBXBuildFile; fileRef = E786141220322E300044F0E1 /* SearchCollectionViewCell.swift */; };
		E786141620322E310044F0E1 /* SearchCollectionViewController + DelegateFlowLayout.swift in Sources */ = {isa = PBXBuildFile; fileRef = E786141320322E310044F0E1 /* SearchCollectionViewController + DelegateFlowLayout.swift */; };
		E786141720322E310044F0E1 /* SearchCollectionViewController.swift in Sources */ = {isa = PBXBuildFile; fileRef = E786141420322E310044F0E1 /* SearchCollectionViewController.swift */; };
		E786141D20322E6B0044F0E1 /* MyProfileTableViewCell.swift in Sources */ = {isa = PBXBuildFile; fileRef = E786141920322E6B0044F0E1 /* MyProfileTableViewCell.swift */; };
		E786141F20322E6B0044F0E1 /* MyProfileTableViewContoller + DataSource.swift in Sources */ = {isa = PBXBuildFile; fileRef = E786141B20322E6B0044F0E1 /* MyProfileTableViewContoller + DataSource.swift */; };
		E786142020322E6B0044F0E1 /* Header.swift in Sources */ = {isa = PBXBuildFile; fileRef = E786141C20322E6B0044F0E1 /* Header.swift */; };
		E786142320322F370044F0E1 /* SearchCollectionViewController + DataSource.swift in Sources */ = {isa = PBXBuildFile; fileRef = E786142220322F370044F0E1 /* SearchCollectionViewController + DataSource.swift */; };
		E7861425203231250044F0E1 /* RestaurantCategory.swift in Sources */ = {isa = PBXBuildFile; fileRef = E7861424203231250044F0E1 /* RestaurantCategory.swift */; };
		E78B1959203ECF0C0038F7B2 /* HomeTableViewController.swift in Sources */ = {isa = PBXBuildFile; fileRef = E78B1958203ECF0C0038F7B2 /* HomeTableViewController.swift */; };
		E78B195C203EFDAD0038F7B2 /* VenueDetailsController.swift in Sources */ = {isa = PBXBuildFile; fileRef = E78B195B203EFDAD0038F7B2 /* VenueDetailsController.swift */; };
		E7EAEB38203C77ED0096608F /* HomeHeader.swift in Sources */ = {isa = PBXBuildFile; fileRef = E7EAEB37203C77ED0096608F /* HomeHeader.swift */; };
		E7EAEB3A203CD9AA0096608F /* Assets.xcassets in Resources */ = {isa = PBXBuildFile; fileRef = E7EAEB39203CD9A90096608F /* Assets.xcassets */; };
/* End PBXBuildFile section */

/* Begin PBXFileReference section */
		53CE3B0D2035A454001C2EC4 /* CategoriesViewModelItemsType.swift */ = {isa = PBXFileReference; lastKnownFileType = sourcecode.swift; path = CategoriesViewModelItemsType.swift; sourceTree = "<group>"; };
		53CE3B0F2035A78B001C2EC4 /* RestaurantCategoryViewModelItem.swift */ = {isa = PBXFileReference; lastKnownFileType = sourcecode.swift; path = RestaurantCategoryViewModelItem.swift; sourceTree = "<group>"; };
		53CE3B112035A813001C2EC4 /* RestaurantCategoriesViewModel.swift */ = {isa = PBXFileReference; lastKnownFileType = sourcecode.swift; path = RestaurantCategoriesViewModel.swift; sourceTree = "<group>"; };
		53D77623203344730030D0AE /* FavoritesTableViewController.swift */ = {isa = PBXFileReference; lastKnownFileType = sourcecode.swift; path = FavoritesTableViewController.swift; sourceTree = "<group>"; };
		53D77626203344D50030D0AE /* FavoritesTableViewContoller + DataSource.swift */ = {isa = PBXFileReference; lastKnownFileType = sourcecode.swift; path = "FavoritesTableViewContoller + DataSource.swift"; sourceTree = "<group>"; };
		53D77628203345510030D0AE /* FavortiesTableViewCell.swift */ = {isa = PBXFileReference; lastKnownFileType = sourcecode.swift; path = FavortiesTableViewCell.swift; sourceTree = "<group>"; };
		E717BBA6204336050065BA7D /* DetailsTableViewController.swift */ = {isa = PBXFileReference; lastKnownFileType = sourcecode.swift; path = DetailsTableViewController.swift; sourceTree = "<group>"; };
		E717BBA9204346750065BA7D /* DetailsTableDelegate.swift */ = {isa = PBXFileReference; lastKnownFileType = sourcecode.swift; path = DetailsTableDelegate.swift; sourceTree = "<group>"; };
		E717BBAB204346860065BA7D /* DetailsTableDataSource.swift */ = {isa = PBXFileReference; lastKnownFileType = sourcecode.swift; path = DetailsTableDataSource.swift; sourceTree = "<group>"; };
		E717BBAD2043469C0065BA7D /* DetailsPhotoAlbumCell.swift */ = {isa = PBXFileReference; lastKnownFileType = sourcecode.swift; path = DetailsPhotoAlbumCell.swift; sourceTree = "<group>"; };
		E72A853B20434D590006B50E /* MyProfileTableViewContoller.swift */ = {isa = PBXFileReference; fileEncoding = 4; lastKnownFileType = sourcecode.swift; path = MyProfileTableViewContoller.swift; sourceTree = "<group>"; };
		E7581ADE2040D3C9000F713F /* MenuBarCell.swift */ = {isa = PBXFileReference; lastKnownFileType = sourcecode.swift; path = MenuBarCell.swift; sourceTree = "<group>"; };
		E7581AE02040D3DB000F713F /* ContentCell.swift */ = {isa = PBXFileReference; lastKnownFileType = sourcecode.swift; path = ContentCell.swift; sourceTree = "<group>"; };
		E7581AE22040D3F8000F713F /* AlbumCell.swift */ = {isa = PBXFileReference; lastKnownFileType = sourcecode.swift; path = AlbumCell.swift; sourceTree = "<group>"; };
		E7581AEB204270DD000F713F /* AutoInsetter.framework */ = {isa = PBXFileReference; lastKnownFileType = wrapper.framework; name = AutoInsetter.framework; path = Carthage/Build/iOS/AutoInsetter.framework; sourceTree = "<group>"; };
		E7581AEC204270DD000F713F /* Pageboy.framework */ = {isa = PBXFileReference; lastKnownFileType = wrapper.framework; name = Pageboy.framework; path = Carthage/Build/iOS/Pageboy.framework; sourceTree = "<group>"; };
		E7581AED204270DD000F713F /* Tabman.framework */ = {isa = PBXFileReference; lastKnownFileType = wrapper.framework; name = Tabman.framework; path = Carthage/Build/iOS/Tabman.framework; sourceTree = "<group>"; };
		E7581AF220427355000F713F /* DetailsPageController.swift */ = {isa = PBXFileReference; lastKnownFileType = sourcecode.swift; path = DetailsPageController.swift; sourceTree = "<group>"; };
		E7581AF42042743E000F713F /* OverviewViewController.swift */ = {isa = PBXFileReference; lastKnownFileType = sourcecode.swift; path = OverviewViewController.swift; sourceTree = "<group>"; };
		E7581AF620427451000F713F /* ReviewsViewController.swift */ = {isa = PBXFileReference; lastKnownFileType = sourcecode.swift; path = ReviewsViewController.swift; sourceTree = "<group>"; };
		E7581AF820427463000F713F /* ContactViewController.swift */ = {isa = PBXFileReference; lastKnownFileType = sourcecode.swift; path = ContactViewController.swift; sourceTree = "<group>"; };
		E7581AFB2042E22D000F713F /* ZoomTransitioning.framework */ = {isa = PBXFileReference; lastKnownFileType = wrapper.framework; name = ZoomTransitioning.framework; path = Carthage/Build/iOS/ZoomTransitioning.framework; sourceTree = "<group>"; };
		E7581B27204331CF000F713F /* Hero.framework */ = {isa = PBXFileReference; lastKnownFileType = wrapper.framework; name = Hero.framework; path = Carthage/Build/iOS/Hero.framework; sourceTree = "<group>"; };
		E777C2B52044469A002261F2 /* ImageSlideshow.framework */ = {isa = PBXFileReference; lastKnownFileType = wrapper.framework; name = ImageSlideshow.framework; path = Carthage/Build/iOS/ImageSlideshow.framework; sourceTree = "<group>"; };
		E78613EB20322BFC0044F0E1 /* TimeOut.app */ = {isa = PBXFileReference; explicitFileType = wrapper.application; includeInIndex = 0; path = TimeOut.app; sourceTree = BUILT_PRODUCTS_DIR; };
		E78613F820322BFC0044F0E1 /* Base */ = {isa = PBXFileReference; lastKnownFileType = file.storyboard; name = Base; path = Base.lproj/LaunchScreen.storyboard; sourceTree = "<group>"; };
		E78613FA20322BFC0044F0E1 /* Info.plist */ = {isa = PBXFileReference; lastKnownFileType = text.plist.xml; path = Info.plist; sourceTree = "<group>"; };
		E786140020322D2A0044F0E1 /* TabBarController.swift */ = {isa = PBXFileReference; fileEncoding = 4; lastKnownFileType = sourcecode.swift; path = TabBarController.swift; sourceTree = "<group>"; };
		E786140420322D4F0044F0E1 /* AppDelegate.swift */ = {isa = PBXFileReference; fileEncoding = 4; lastKnownFileType = sourcecode.swift; path = AppDelegate.swift; sourceTree = "<group>"; };
		E786140520322D4F0044F0E1 /* Extensions.swift */ = {isa = PBXFileReference; fileEncoding = 4; lastKnownFileType = sourcecode.swift; path = Extensions.swift; sourceTree = "<group>"; };
		E786140920322DBF0044F0E1 /* HomeRegularTableViewCell.swift */ = {isa = PBXFileReference; fileEncoding = 4; lastKnownFileType = sourcecode.swift; path = HomeRegularTableViewCell.swift; sourceTree = "<group>"; };
		E786140A20322DBF0044F0E1 /* HomeTableCollectionViewCell.swift */ = {isa = PBXFileReference; fileEncoding = 4; lastKnownFileType = sourcecode.swift; path = HomeTableCollectionViewCell.swift; sourceTree = "<group>"; };
		E786141220322E300044F0E1 /* SearchCollectionViewCell.swift */ = {isa = PBXFileReference; fileEncoding = 4; lastKnownFileType = sourcecode.swift; path = SearchCollectionViewCell.swift; sourceTree = "<group>"; };
		E786141320322E310044F0E1 /* SearchCollectionViewController + DelegateFlowLayout.swift */ = {isa = PBXFileReference; fileEncoding = 4; lastKnownFileType = sourcecode.swift; path = "SearchCollectionViewController + DelegateFlowLayout.swift"; sourceTree = "<group>"; };
		E786141420322E310044F0E1 /* SearchCollectionViewController.swift */ = {isa = PBXFileReference; fileEncoding = 4; lastKnownFileType = sourcecode.swift; path = SearchCollectionViewController.swift; sourceTree = "<group>"; };
		E786141920322E6B0044F0E1 /* MyProfileTableViewCell.swift */ = {isa = PBXFileReference; fileEncoding = 4; lastKnownFileType = sourcecode.swift; path = MyProfileTableViewCell.swift; sourceTree = "<group>"; };
		E786141B20322E6B0044F0E1 /* MyProfileTableViewContoller + DataSource.swift */ = {isa = PBXFileReference; fileEncoding = 4; lastKnownFileType = sourcecode.swift; path = "MyProfileTableViewContoller + DataSource.swift"; sourceTree = "<group>"; };
		E786141C20322E6B0044F0E1 /* Header.swift */ = {isa = PBXFileReference; fileEncoding = 4; lastKnownFileType = sourcecode.swift; path = Header.swift; sourceTree = "<group>"; };
		E786142220322F370044F0E1 /* SearchCollectionViewController + DataSource.swift */ = {isa = PBXFileReference; lastKnownFileType = sourcecode.swift; path = "SearchCollectionViewController + DataSource.swift"; sourceTree = "<group>"; };
		E7861424203231250044F0E1 /* RestaurantCategory.swift */ = {isa = PBXFileReference; fileEncoding = 4; lastKnownFileType = sourcecode.swift; path = RestaurantCategory.swift; sourceTree = "<group>"; };
		E78B1958203ECF0C0038F7B2 /* HomeTableViewController.swift */ = {isa = PBXFileReference; lastKnownFileType = sourcecode.swift; path = HomeTableViewController.swift; sourceTree = "<group>"; };
		E78B195B203EFDAD0038F7B2 /* VenueDetailsController.swift */ = {isa = PBXFileReference; lastKnownFileType = sourcecode.swift; path = VenueDetailsController.swift; sourceTree = "<group>"; };
		E7EAEB37203C77ED0096608F /* HomeHeader.swift */ = {isa = PBXFileReference; lastKnownFileType = sourcecode.swift; path = HomeHeader.swift; sourceTree = "<group>"; };
		E7EAEB39203CD9A90096608F /* Assets.xcassets */ = {isa = PBXFileReference; lastKnownFileType = folder.assetcatalog; path = Assets.xcassets; sourceTree = "<group>"; };
/* End PBXFileReference section */

/* Begin PBXFrameworksBuildPhase section */
		E78613E820322BFC0044F0E1 /* Frameworks */ = {
			isa = PBXFrameworksBuildPhase;
			buildActionMask = 2147483647;
			files = (
				E777C2B62044469A002261F2 /* ImageSlideshow.framework in Frameworks */,
				E7581AEE204270DD000F713F /* AutoInsetter.framework in Frameworks */,
				E7581AEF204270DD000F713F /* Pageboy.framework in Frameworks */,
				E7581B29204331DD000F713F /* Hero.framework in Frameworks */,
				E7581AF0204270DD000F713F /* Tabman.framework in Frameworks */,
			);
			runOnlyForDeploymentPostprocessing = 0;
		};
/* End PBXFrameworksBuildPhase section */

/* Begin PBXGroup section */
		53D77625203344780030D0AE /* FavoritesViewController */ = {
			isa = PBXGroup;
			children = (
				53D77623203344730030D0AE /* FavoritesTableViewController.swift */,
				53D77626203344D50030D0AE /* FavoritesTableViewContoller + DataSource.swift */,
				53D77628203345510030D0AE /* FavortiesTableViewCell.swift */,
			);
			path = FavoritesViewController;
			sourceTree = "<group>";
		};
		E717BBA82043441E0065BA7D /* TableViewController */ = {
			isa = PBXGroup;
			children = (
				E7581AF220427355000F713F /* DetailsPageController.swift */,
				E7581AF42042743E000F713F /* OverviewViewController.swift */,
				E7581AF620427451000F713F /* ReviewsViewController.swift */,
				E7581AF820427463000F713F /* ContactViewController.swift */,
			);
			path = TableViewController;
			sourceTree = "<group>";
		};
		E7581AEA204270DD000F713F /* Frameworks */ = {
			isa = PBXGroup;
			children = (
				E777C2B52044469A002261F2 /* ImageSlideshow.framework */,
				E7581B27204331CF000F713F /* Hero.framework */,
				E7581AFB2042E22D000F713F /* ZoomTransitioning.framework */,
				E7581AEB204270DD000F713F /* AutoInsetter.framework */,
				E7581AEC204270DD000F713F /* Pageboy.framework */,
				E7581AED204270DD000F713F /* Tabman.framework */,
			);
			name = Frameworks;
			sourceTree = "<group>";
		};
		E7581AFA204278FE000F713F /* Backup */ = {
			isa = PBXGroup;
			children = (
				E78B195B203EFDAD0038F7B2 /* VenueDetailsController.swift */,
				E7581ADE2040D3C9000F713F /* MenuBarCell.swift */,
				E7581AE02040D3DB000F713F /* ContentCell.swift */,
				E7581AE22040D3F8000F713F /* AlbumCell.swift */,
			);
			path = Backup;
			sourceTree = "<group>";
		};
		E78613E220322BFC0044F0E1 = {
			isa = PBXGroup;
			children = (
				E78613ED20322BFC0044F0E1 /* TimeOut */,
				E78613EC20322BFC0044F0E1 /* Products */,
				E7581AEA204270DD000F713F /* Frameworks */,
			);
			sourceTree = "<group>";
		};
		E78613EC20322BFC0044F0E1 /* Products */ = {
			isa = PBXGroup;
			children = (
				E78613EB20322BFC0044F0E1 /* TimeOut.app */,
			);
			name = Products;
			sourceTree = "<group>";
		};
		E78613ED20322BFC0044F0E1 /* TimeOut */ = {
			isa = PBXGroup;
			children = (
				E7861426203231280044F0E1 /* Data handling - MVVM */,
				E786140320322D3C0044F0E1 /* Controllers */,
				E786140820322D660044F0E1 /* Supporting Files */,
			);
			path = TimeOut;
			sourceTree = "<group>";
		};
		E786140220322D300044F0E1 /* TabBarController */ = {
			isa = PBXGroup;
			children = (
				E786140020322D2A0044F0E1 /* TabBarController.swift */,
			);
			path = TabBarController;
			sourceTree = "<group>";
		};
		E786140320322D3C0044F0E1 /* Controllers */ = {
			isa = PBXGroup;
			children = (
				E78B195A203EFD7A0038F7B2 /* Main Controllers */,
				E78B195D203EFDB10038F7B2 /* DetailsViewController */,
			);
			path = Controllers;
			sourceTree = "<group>";
		};
		E786140820322D660044F0E1 /* Supporting Files */ = {
			isa = PBXGroup;
			children = (
				E7EAEB39203CD9A90096608F /* Assets.xcassets */,
				E78613F720322BFC0044F0E1 /* LaunchScreen.storyboard */,
				E78613FA20322BFC0044F0E1 /* Info.plist */,
				E786140420322D4F0044F0E1 /* AppDelegate.swift */,
				E786140520322D4F0044F0E1 /* Extensions.swift */,
			);
			path = "Supporting Files";
			sourceTree = "<group>";
		};
		E786141120322DC40044F0E1 /* HomeViewController */ = {
			isa = PBXGroup;
			children = (
				E78B1958203ECF0C0038F7B2 /* HomeTableViewController.swift */,
				E786140A20322DBF0044F0E1 /* HomeTableCollectionViewCell.swift */,
				E786140920322DBF0044F0E1 /* HomeRegularTableViewCell.swift */,
				E7EAEB37203C77ED0096608F /* HomeHeader.swift */,
			);
			path = HomeViewController;
			sourceTree = "<group>";
		};
		E786141820322E370044F0E1 /* SearchViewController */ = {
			isa = PBXGroup;
			children = (
				E786141420322E310044F0E1 /* SearchCollectionViewController.swift */,
				E786142220322F370044F0E1 /* SearchCollectionViewController + DataSource.swift */,
				E786141320322E310044F0E1 /* SearchCollectionViewController + DelegateFlowLayout.swift */,
				E786141220322E300044F0E1 /* SearchCollectionViewCell.swift */,
			);
			path = SearchViewController;
			sourceTree = "<group>";
		};
		E786142120322E720044F0E1 /* MyProfileViewController */ = {
			isa = PBXGroup;
			children = (
				E72A853B20434D590006B50E /* MyProfileTableViewContoller.swift */,
				E786141B20322E6B0044F0E1 /* MyProfileTableViewContoller + DataSource.swift */,
				E786141920322E6B0044F0E1 /* MyProfileTableViewCell.swift */,
				E786141C20322E6B0044F0E1 /* Header.swift */,
			);
			path = MyProfileViewController;
			sourceTree = "<group>";
		};
		E7861426203231280044F0E1 /* Data handling - MVVM */ = {
			isa = PBXGroup;
			children = (
				E7861424203231250044F0E1 /* RestaurantCategory.swift */,
				53CE3B0F2035A78B001C2EC4 /* RestaurantCategoryViewModelItem.swift */,
				53CE3B0D2035A454001C2EC4 /* CategoriesViewModelItemsType.swift */,
				53CE3B112035A813001C2EC4 /* RestaurantCategoriesViewModel.swift */,
			);
			path = "Data handling - MVVM";
			sourceTree = "<group>";
		};
		E78B195A203EFD7A0038F7B2 /* Main Controllers */ = {
			isa = PBXGroup;
			children = (
				E786140220322D300044F0E1 /* TabBarController */,
				E786141120322DC40044F0E1 /* HomeViewController */,
				E786141820322E370044F0E1 /* SearchViewController */,
				53D77625203344780030D0AE /* FavoritesViewController */,
				E786142120322E720044F0E1 /* MyProfileViewController */,
			);
			path = "Main Controllers";
			sourceTree = "<group>";
		};
		E78B195D203EFDB10038F7B2 /* DetailsViewController */ = {
			isa = PBXGroup;
			children = (
				E717BBA6204336050065BA7D /* DetailsTableViewController.swift */,
				E717BBAB204346860065BA7D /* DetailsTableDataSource.swift */,
				E717BBA9204346750065BA7D /* DetailsTableDelegate.swift */,
				E717BBAD2043469C0065BA7D /* DetailsPhotoAlbumCell.swift */,
				E717BBA82043441E0065BA7D /* TableViewController */,
				E7581AFA204278FE000F713F /* Backup */,
			);
			path = DetailsViewController;
			sourceTree = "<group>";
		};
/* End PBXGroup section */

/* Begin PBXNativeTarget section */
		E78613EA20322BFC0044F0E1 /* TimeOut */ = {
			isa = PBXNativeTarget;
			buildConfigurationList = E78613FD20322BFC0044F0E1 /* Build configuration list for PBXNativeTarget "TimeOut" */;
			buildPhases = (
				E78613E720322BFC0044F0E1 /* Sources */,
				E78613E820322BFC0044F0E1 /* Frameworks */,
				E78613E920322BFC0044F0E1 /* Resources */,
				E7581AF120427101000F713F /* ShellScript */,
			);
			buildRules = (
			);
			dependencies = (
			);
			name = TimeOut;
			productName = TimeOut;
			productReference = E78613EB20322BFC0044F0E1 /* TimeOut.app */;
			productType = "com.apple.product-type.application";
		};
/* End PBXNativeTarget section */

/* Begin PBXProject section */
		E78613E320322BFC0044F0E1 /* Project object */ = {
			isa = PBXProject;
			attributes = {
				LastSwiftUpdateCheck = 0920;
				LastUpgradeCheck = 0920;
				ORGANIZATIONNAME = "Steven Taglohner";
				TargetAttributes = {
					E78613EA20322BFC0044F0E1 = {
						CreatedOnToolsVersion = 9.2;
						ProvisioningStyle = Automatic;
					};
				};
			};
			buildConfigurationList = E78613E620322BFC0044F0E1 /* Build configuration list for PBXProject "TimeOut" */;
			compatibilityVersion = "Xcode 8.0";
			developmentRegion = en;
			hasScannedForEncodings = 0;
			knownRegions = (
				en,
				Base,
			);
			mainGroup = E78613E220322BFC0044F0E1;
			productRefGroup = E78613EC20322BFC0044F0E1 /* Products */;
			projectDirPath = "";
			projectRoot = "";
			targets = (
				E78613EA20322BFC0044F0E1 /* TimeOut */,
			);
		};
/* End PBXProject section */

/* Begin PBXResourcesBuildPhase section */
		E78613E920322BFC0044F0E1 /* Resources */ = {
			isa = PBXResourcesBuildPhase;
			buildActionMask = 2147483647;
			files = (
				E7EAEB3A203CD9AA0096608F /* Assets.xcassets in Resources */,
				E78613F920322BFC0044F0E1 /* LaunchScreen.storyboard in Resources */,
			);
			runOnlyForDeploymentPostprocessing = 0;
		};
/* End PBXResourcesBuildPhase section */

/* Begin PBXShellScriptBuildPhase section */
		E7581AF120427101000F713F /* ShellScript */ = {
			isa = PBXShellScriptBuildPhase;
			buildActionMask = 2147483647;
			files = (
			);
			inputPaths = (
				"$(SRCROOT)/Carthage/Build/iOS/AutoInsetter.framework",
				"$(SRCROOT)/Carthage/Build/iOS/Pageboy.framework",
				"$(SRCROOT)/Carthage/Build/iOS/Tabman.framework",
				"$(SRCROOT)/Carthage/Build/iOS/Hero.framework",
				"$(SRCROOT)/Carthage/Build/iOS/ImageSlideshow.framework",
			);
			outputPaths = (
			);
			runOnlyForDeploymentPostprocessing = 0;
			shellPath = /bin/sh;
			shellScript = "/usr/local/bin/carthage copy-frameworks";
		};
/* End PBXShellScriptBuildPhase section */

/* Begin PBXSourcesBuildPhase section */
		E78613E720322BFC0044F0E1 /* Sources */ = {
			isa = PBXSourcesBuildPhase;
			buildActionMask = 2147483647;
			files = (
				E786140D20322DBF0044F0E1 /* HomeRegularTableViewCell.swift in Sources */,
				E78B195C203EFDAD0038F7B2 /* VenueDetailsController.swift in Sources */,
				E786141D20322E6B0044F0E1 /* MyProfileTableViewCell.swift in Sources */,
				E717BBAE2043469C0065BA7D /* DetailsPhotoAlbumCell.swift in Sources */,
				E786141520322E310044F0E1 /* SearchCollectionViewCell.swift in Sources */,
				53D77624203344730030D0AE /* FavoritesTableViewController.swift in Sources */,
				E7581ADF2040D3C9000F713F /* MenuBarCell.swift in Sources */,
				53CE3B102035A78B001C2EC4 /* RestaurantCategoryViewModelItem.swift in Sources */,
				E7581AF320427355000F713F /* DetailsPageController.swift in Sources */,
				E7581AF52042743E000F713F /* OverviewViewController.swift in Sources */,
				E786141620322E310044F0E1 /* SearchCollectionViewController + DelegateFlowLayout.swift in Sources */,
				E786140E20322DBF0044F0E1 /* HomeTableCollectionViewCell.swift in Sources */,
				E786140620322D4F0044F0E1 /* AppDelegate.swift in Sources */,
				E7EAEB38203C77ED0096608F /* HomeHeader.swift in Sources */,
				E717BBAA204346750065BA7D /* DetailsTableDelegate.swift in Sources */,
				E7861425203231250044F0E1 /* RestaurantCategory.swift in Sources */,
				53CE3B0E2035A454001C2EC4 /* CategoriesViewModelItemsType.swift in Sources */,
				53D77629203345510030D0AE /* FavortiesTableViewCell.swift in Sources */,
				E786141F20322E6B0044F0E1 /* MyProfileTableViewContoller + DataSource.swift in Sources */,
				E786140120322D2A0044F0E1 /* TabBarController.swift in Sources */,
				53CE3B122035A813001C2EC4 /* RestaurantCategoriesViewModel.swift in Sources */,
				E7581AF720427451000F713F /* ReviewsViewController.swift in Sources */,
				E786142320322F370044F0E1 /* SearchCollectionViewController + DataSource.swift in Sources */,
				E717BBA7204336050065BA7D /* DetailsTableViewController.swift in Sources */,
				E7581AE12040D3DB000F713F /* ContentCell.swift in Sources */,
				E786142020322E6B0044F0E1 /* Header.swift in Sources */,
				E786141720322E310044F0E1 /* SearchCollectionViewController.swift in Sources */,
				53D77627203344D50030D0AE /* FavoritesTableViewContoller + DataSource.swift in Sources */,
				E72A853C20434D590006B50E /* MyProfileTableViewContoller.swift in Sources */,
				E786140720322D4F0044F0E1 /* Extensions.swift in Sources */,
				E78B1959203ECF0C0038F7B2 /* HomeTableViewController.swift in Sources */,
				E7581AE32040D3F8000F713F /* AlbumCell.swift in Sources */,
				E7581AF920427463000F713F /* ContactViewController.swift in Sources */,
				E717BBAC204346860065BA7D /* DetailsTableDataSource.swift in Sources */,
			);
			runOnlyForDeploymentPostprocessing = 0;
		};
/* End PBXSourcesBuildPhase section */

/* Begin PBXVariantGroup section */
		E78613F720322BFC0044F0E1 /* LaunchScreen.storyboard */ = {
			isa = PBXVariantGroup;
			children = (
				E78613F820322BFC0044F0E1 /* Base */,
			);
			name = LaunchScreen.storyboard;
			sourceTree = "<group>";
		};
/* End PBXVariantGroup section */

/* Begin XCBuildConfiguration section */
		E78613FB20322BFC0044F0E1 /* Debug */ = {
			isa = XCBuildConfiguration;
			buildSettings = {
				ALWAYS_SEARCH_USER_PATHS = NO;
				CLANG_ANALYZER_NONNULL = YES;
				CLANG_ANALYZER_NUMBER_OBJECT_CONVERSION = YES_AGGRESSIVE;
				CLANG_CXX_LANGUAGE_STANDARD = "gnu++14";
				CLANG_CXX_LIBRARY = "libc++";
				CLANG_ENABLE_MODULES = YES;
				CLANG_ENABLE_OBJC_ARC = YES;
				CLANG_WARN_BLOCK_CAPTURE_AUTORELEASING = YES;
				CLANG_WARN_BOOL_CONVERSION = YES;
				CLANG_WARN_COMMA = YES;
				CLANG_WARN_CONSTANT_CONVERSION = YES;
				CLANG_WARN_DIRECT_OBJC_ISA_USAGE = YES_ERROR;
				CLANG_WARN_DOCUMENTATION_COMMENTS = YES;
				CLANG_WARN_EMPTY_BODY = YES;
				CLANG_WARN_ENUM_CONVERSION = YES;
				CLANG_WARN_INFINITE_RECURSION = YES;
				CLANG_WARN_INT_CONVERSION = YES;
				CLANG_WARN_NON_LITERAL_NULL_CONVERSION = YES;
				CLANG_WARN_OBJC_LITERAL_CONVERSION = YES;
				CLANG_WARN_OBJC_ROOT_CLASS = YES_ERROR;
				CLANG_WARN_RANGE_LOOP_ANALYSIS = YES;
				CLANG_WARN_STRICT_PROTOTYPES = YES;
				CLANG_WARN_SUSPICIOUS_MOVE = YES;
				CLANG_WARN_UNGUARDED_AVAILABILITY = YES_AGGRESSIVE;
				CLANG_WARN_UNREACHABLE_CODE = YES;
				CLANG_WARN__DUPLICATE_METHOD_MATCH = YES;
				CODE_SIGN_IDENTITY = "iPhone Developer";
				COPY_PHASE_STRIP = NO;
				DEBUG_INFORMATION_FORMAT = dwarf;
				ENABLE_STRICT_OBJC_MSGSEND = YES;
				ENABLE_TESTABILITY = YES;
				GCC_C_LANGUAGE_STANDARD = gnu11;
				GCC_DYNAMIC_NO_PIC = NO;
				GCC_NO_COMMON_BLOCKS = YES;
				GCC_OPTIMIZATION_LEVEL = 0;
				GCC_PREPROCESSOR_DEFINITIONS = (
					"DEBUG=1",
					"$(inherited)",
				);
				GCC_WARN_64_TO_32_BIT_CONVERSION = YES;
				GCC_WARN_ABOUT_RETURN_TYPE = YES_ERROR;
				GCC_WARN_UNDECLARED_SELECTOR = YES;
				GCC_WARN_UNINITIALIZED_AUTOS = YES_AGGRESSIVE;
				GCC_WARN_UNUSED_FUNCTION = YES;
				GCC_WARN_UNUSED_VARIABLE = YES;
				IPHONEOS_DEPLOYMENT_TARGET = 11.2;
				MTL_ENABLE_DEBUG_INFO = YES;
				ONLY_ACTIVE_ARCH = YES;
				SDKROOT = iphoneos;
				SWIFT_ACTIVE_COMPILATION_CONDITIONS = DEBUG;
				SWIFT_OPTIMIZATION_LEVEL = "-Onone";
			};
			name = Debug;
		};
		E78613FC20322BFC0044F0E1 /* Release */ = {
			isa = XCBuildConfiguration;
			buildSettings = {
				ALWAYS_SEARCH_USER_PATHS = NO;
				CLANG_ANALYZER_NONNULL = YES;
				CLANG_ANALYZER_NUMBER_OBJECT_CONVERSION = YES_AGGRESSIVE;
				CLANG_CXX_LANGUAGE_STANDARD = "gnu++14";
				CLANG_CXX_LIBRARY = "libc++";
				CLANG_ENABLE_MODULES = YES;
				CLANG_ENABLE_OBJC_ARC = YES;
				CLANG_WARN_BLOCK_CAPTURE_AUTORELEASING = YES;
				CLANG_WARN_BOOL_CONVERSION = YES;
				CLANG_WARN_COMMA = YES;
				CLANG_WARN_CONSTANT_CONVERSION = YES;
				CLANG_WARN_DIRECT_OBJC_ISA_USAGE = YES_ERROR;
				CLANG_WARN_DOCUMENTATION_COMMENTS = YES;
				CLANG_WARN_EMPTY_BODY = YES;
				CLANG_WARN_ENUM_CONVERSION = YES;
				CLANG_WARN_INFINITE_RECURSION = YES;
				CLANG_WARN_INT_CONVERSION = YES;
				CLANG_WARN_NON_LITERAL_NULL_CONVERSION = YES;
				CLANG_WARN_OBJC_LITERAL_CONVERSION = YES;
				CLANG_WARN_OBJC_ROOT_CLASS = YES_ERROR;
				CLANG_WARN_RANGE_LOOP_ANALYSIS = YES;
				CLANG_WARN_STRICT_PROTOTYPES = YES;
				CLANG_WARN_SUSPICIOUS_MOVE = YES;
				CLANG_WARN_UNGUARDED_AVAILABILITY = YES_AGGRESSIVE;
				CLANG_WARN_UNREACHABLE_CODE = YES;
				CLANG_WARN__DUPLICATE_METHOD_MATCH = YES;
				CODE_SIGN_IDENTITY = "iPhone Developer";
				COPY_PHASE_STRIP = NO;
				DEBUG_INFORMATION_FORMAT = "dwarf-with-dsym";
				ENABLE_NS_ASSERTIONS = NO;
				ENABLE_STRICT_OBJC_MSGSEND = YES;
				GCC_C_LANGUAGE_STANDARD = gnu11;
				GCC_NO_COMMON_BLOCKS = YES;
				GCC_WARN_64_TO_32_BIT_CONVERSION = YES;
				GCC_WARN_ABOUT_RETURN_TYPE = YES_ERROR;
				GCC_WARN_UNDECLARED_SELECTOR = YES;
				GCC_WARN_UNINITIALIZED_AUTOS = YES_AGGRESSIVE;
				GCC_WARN_UNUSED_FUNCTION = YES;
				GCC_WARN_UNUSED_VARIABLE = YES;
				IPHONEOS_DEPLOYMENT_TARGET = 11.2;
				MTL_ENABLE_DEBUG_INFO = NO;
				SDKROOT = iphoneos;
				SWIFT_OPTIMIZATION_LEVEL = "-Owholemodule";
				VALIDATE_PRODUCT = YES;
			};
			name = Release;
		};
		E78613FE20322BFC0044F0E1 /* Debug */ = {
			isa = XCBuildConfiguration;
			buildSettings = {
				ASSETCATALOG_COMPILER_APPICON_NAME = AppIcon;
				CODE_SIGN_STYLE = Automatic;
				DEVELOPMENT_TEAM = SXU3FLSZ5B;
				FRAMEWORK_SEARCH_PATHS = (
					"$(inherited)",
					"$(PROJECT_DIR)/Carthage/Build/iOS",
				);
				INFOPLIST_FILE = "$(SRCROOT)/TimeOut/Supporting Files/Info.plist";
				LD_RUNPATH_SEARCH_PATHS = "$(inherited) @executable_path/Frameworks";
				PRODUCT_BUNDLE_IDENTIFIER = steven.taglohner.TimeOut;
				PRODUCT_NAME = "$(TARGET_NAME)";
				SWIFT_VERSION = 4.0;
				TARGETED_DEVICE_FAMILY = "1,2";
			};
			name = Debug;
		};
		E78613FF20322BFC0044F0E1 /* Release */ = {
			isa = XCBuildConfiguration;
			buildSettings = {
				ASSETCATALOG_COMPILER_APPICON_NAME = AppIcon;
				CODE_SIGN_STYLE = Automatic;
				DEVELOPMENT_TEAM = SXU3FLSZ5B;
				FRAMEWORK_SEARCH_PATHS = (
					"$(inherited)",
					"$(PROJECT_DIR)/Carthage/Build/iOS",
				);
				INFOPLIST_FILE = "$(SRCROOT)/TimeOut/Supporting Files/Info.plist";
				LD_RUNPATH_SEARCH_PATHS = "$(inherited) @executable_path/Frameworks";
				PRODUCT_BUNDLE_IDENTIFIER = steven.taglohner.TimeOut;
				PRODUCT_NAME = "$(TARGET_NAME)";
				SWIFT_VERSION = 4.0;
				TARGETED_DEVICE_FAMILY = "1,2";
			};
			name = Release;
		};
/* End XCBuildConfiguration section */

/* Begin XCConfigurationList section */
		E78613E620322BFC0044F0E1 /* Build configuration list for PBXProject "TimeOut" */ = {
			isa = XCConfigurationList;
			buildConfigurations = (
				E78613FB20322BFC0044F0E1 /* Debug */,
				E78613FC20322BFC0044F0E1 /* Release */,
			);
			defaultConfigurationIsVisible = 0;
			defaultConfigurationName = Release;
		};
		E78613FD20322BFC0044F0E1 /* Build configuration list for PBXNativeTarget "TimeOut" */ = {
			isa = XCConfigurationList;
			buildConfigurations = (
				E78613FE20322BFC0044F0E1 /* Debug */,
				E78613FF20322BFC0044F0E1 /* Release */,
			);
			defaultConfigurationIsVisible = 0;
			defaultConfigurationName = Release;
		};
/* End XCConfigurationList section */
	};
	rootObject = E78613E320322BFC0044F0E1 /* Project object */;
}
